
Microsoft Visual Studio Solution File, Format Version 12.00
# Visual Studio Version 17
VisualStudioVersion = 17.9.34728.123
MinimumVisualStudioVersion = 10.0.40219.1
Project("{9A19103F-16F7-4668-BE54-9A1E7A4F7556}") = "Modelos.Softfy", "Modelos.Softfy.csproj", "{341B3311-14B2-478D-9871-BD33A77BD538}"
EndProject
Project("{FAE04EC0-301F-11D3-BF4B-00C04F79EFBC}") = "API.Softfy", "..\API.Softfy\API.Softfy.csproj", "{D6AD79FC-29D3-4800-878F-85FB58DD0CA1}"
EndProject
Global
	GlobalSection(SolutionConfigurationPlatforms) = preSolution
		Debug|Any CPU = Debug|Any CPU
		Release|Any CPU = Release|Any CPU
	EndGlobalSection
	GlobalSection(ProjectConfigurationPlatforms) = postSolution
		{341B3311-14B2-478D-9871-BD33A77BD538}.Debug|Any CPU.ActiveCfg = Debug|Any CPU
		{341B3311-14B2-478D-9871-BD33A77BD538}.Debug|Any CPU.Build.0 = Debug|Any CPU
		{341B3311-14B2-478D-9871-BD33A77BD538}.Release|Any CPU.ActiveCfg = Release|Any CPU
		{341B3311-14B2-478D-9871-BD33A77BD538}.Release|Any CPU.Build.0 = Release|Any CPU
		{D6AD79FC-29D3-4800-878F-85FB58DD0CA1}.Debug|Any CPU.ActiveCfg = Debug|Any CPU
		{D6AD79FC-29D3-4800-878F-85FB58DD0CA1}.Debug|Any CPU.Build.0 = Debug|Any CPU
		{D6AD79FC-29D3-4800-878F-85FB58DD0CA1}.Release|Any CPU.ActiveCfg = Release|Any CPU
		{D6AD79FC-29D3-4800-878F-85FB58DD0CA1}.Release|Any CPU.Build.0 = Release|Any CPU
	EndGlobalSection
	GlobalSection(SolutionProperties) = preSolution
		HideSolutionNode = FALSE
	EndGlobalSection
	GlobalSection(ExtensibilityGlobals) = postSolution
		SolutionGuid = {AE479879-BFC7-46AB-B1C4-A7610B933B78}
	EndGlobalSection
EndGlobal
